
Microsoft Visual Studio Solution File, Format Version 12.00
# Visual Studio 15
VisualStudioVersion = 15.0.28010.2003
MinimumVisualStudioVersion = 10.0.40219.1
Project("{9A19103F-16F7-4668-BE54-9A1E7A4F7556}") = "Api", "Api\Api.csproj", "{33306DDF-3FD8-454F-91E0-7C80C8A12B89}"
EndProject
Project("{FAE04EC0-301F-11D3-BF4B-00C04F79EFBC}") = "Application", "Application\Application.csproj", "{A2D62E0C-548F-4B5A-BB4C-8A0CE803C871}"
EndProject
Project("{FAE04EC0-301F-11D3-BF4B-00C04F79EFBC}") = "Domain", "Domain\Domain.csproj", "{A9E344B9-B0F3-4F3F-A92A-238E1B456B6A}"
EndProject
Project("{FAE04EC0-301F-11D3-BF4B-00C04F79EFBC}") = "Infrastructure", "Infrastructure\Infrastructure.csproj", "{FC2AA68B-FE78-4E8E-BF77-DF016D38A8EE}"
EndProject
Project("{FAE04EC0-301F-11D3-BF4B-00C04F79EFBC}") = "Test", "Test\Test.csproj", "{64BF1FA8-4009-47BF-B1FA-FFFFF9E1ACF8}"
EndProject
Global
	GlobalSection(SolutionConfigurationPlatforms) = preSolution
		Debug|Any CPU = Debug|Any CPU
		Release|Any CPU = Release|Any CPU
	EndGlobalSection
	GlobalSection(ProjectConfigurationPlatforms) = postSolution
		{33306DDF-3FD8-454F-91E0-7C80C8A12B89}.Debug|Any CPU.ActiveCfg = Debug|Any CPU
		{33306DDF-3FD8-454F-91E0-7C80C8A12B89}.Debug|Any CPU.Build.0 = Debug|Any CPU
		{33306DDF-3FD8-454F-91E0-7C80C8A12B89}.Release|Any CPU.ActiveCfg = Release|Any CPU
		{33306DDF-3FD8-454F-91E0-7C80C8A12B89}.Release|Any CPU.Build.0 = Release|Any CPU
		{A2D62E0C-548F-4B5A-BB4C-8A0CE803C871}.Debug|Any CPU.ActiveCfg = Debug|Any CPU
		{A2D62E0C-548F-4B5A-BB4C-8A0CE803C871}.Debug|Any CPU.Build.0 = Debug|Any CPU
		{A2D62E0C-548F-4B5A-BB4C-8A0CE803C871}.Release|Any CPU.ActiveCfg = Release|Any CPU
		{A2D62E0C-548F-4B5A-BB4C-8A0CE803C871}.Release|Any CPU.Build.0 = Release|Any CPU
		{A9E344B9-B0F3-4F3F-A92A-238E1B456B6A}.Debug|Any CPU.ActiveCfg = Debug|Any CPU
		{A9E344B9-B0F3-4F3F-A92A-238E1B456B6A}.Debug|Any CPU.Build.0 = Debug|Any CPU
		{A9E344B9-B0F3-4F3F-A92A-238E1B456B6A}.Release|Any CPU.ActiveCfg = Release|Any CPU
		{A9E344B9-B0F3-4F3F-A92A-238E1B456B6A}.Release|Any CPU.Build.0 = Release|Any CPU
		{FC2AA68B-FE78-4E8E-BF77-DF016D38A8EE}.Debug|Any CPU.ActiveCfg = Debug|Any CPU
		{FC2AA68B-FE78-4E8E-BF77-DF016D38A8EE}.Debug|Any CPU.Build.0 = Debug|Any CPU
		{FC2AA68B-FE78-4E8E-BF77-DF016D38A8EE}.Release|Any CPU.ActiveCfg = Release|Any CPU
		{FC2AA68B-FE78-4E8E-BF77-DF016D38A8EE}.Release|Any CPU.Build.0 = Release|Any CPU
		{64BF1FA8-4009-47BF-B1FA-FFFFF9E1ACF8}.Debug|Any CPU.ActiveCfg = Debug|Any CPU
		{64BF1FA8-4009-47BF-B1FA-FFFFF9E1ACF8}.Debug|Any CPU.Build.0 = Debug|Any CPU
		{64BF1FA8-4009-47BF-B1FA-FFFFF9E1ACF8}.Release|Any CPU.ActiveCfg = Release|Any CPU
		{64BF1FA8-4009-47BF-B1FA-FFFFF9E1ACF8}.Release|Any CPU.Build.0 = Release|Any CPU
	EndGlobalSection
	GlobalSection(SolutionProperties) = preSolution
		HideSolutionNode = FALSE
	EndGlobalSection
	GlobalSection(ExtensibilityGlobals) = postSolution
		SolutionGuid = {7585AE2E-3C4A-411D-8E64-A6CC1FE580F9}
	EndGlobalSection
EndGlobal
