
Microsoft Visual Studio Solution File, Format Version 12.00
# Visual Studio 15
VisualStudioVersion = 15.0.26124.0
MinimumVisualStudioVersion = 15.0.26124.0
Project("{9A19103F-16F7-4668-BE54-9A1E7A4F7556}") = "Domain", "Domain\Domain.csproj", "{62969334-E3F2-4A19-A3A3-CD9DF95819CB}"
EndProject
Project("{9A19103F-16F7-4668-BE54-9A1E7A4F7556}") = "Domain.Test", "Domain.Test\Domain.Test.csproj", "{79FDACFB-22B6-4727-AB5F-1A9FD2C64731}"
EndProject
Global
	GlobalSection(SolutionConfigurationPlatforms) = preSolution
		Debug|Any CPU = Debug|Any CPU
		Debug|x64 = Debug|x64
		Debug|x86 = Debug|x86
		Release|Any CPU = Release|Any CPU
		Release|x64 = Release|x64
		Release|x86 = Release|x86
	EndGlobalSection
	GlobalSection(ProjectConfigurationPlatforms) = postSolution
		{62969334-E3F2-4A19-A3A3-CD9DF95819CB}.Debug|Any CPU.ActiveCfg = Debug|Any CPU
		{62969334-E3F2-4A19-A3A3-CD9DF95819CB}.Debug|Any CPU.Build.0 = Debug|Any CPU
		{62969334-E3F2-4A19-A3A3-CD9DF95819CB}.Debug|x64.ActiveCfg = Debug|Any CPU
		{62969334-E3F2-4A19-A3A3-CD9DF95819CB}.Debug|x64.Build.0 = Debug|Any CPU
		{62969334-E3F2-4A19-A3A3-CD9DF95819CB}.Debug|x86.ActiveCfg = Debug|Any CPU
		{62969334-E3F2-4A19-A3A3-CD9DF95819CB}.Debug|x86.Build.0 = Debug|Any CPU
		{62969334-E3F2-4A19-A3A3-CD9DF95819CB}.Release|Any CPU.ActiveCfg = Release|Any CPU
		{62969334-E3F2-4A19-A3A3-CD9DF95819CB}.Release|Any CPU.Build.0 = Release|Any CPU
		{62969334-E3F2-4A19-A3A3-CD9DF95819CB}.Release|x64.ActiveCfg = Release|Any CPU
		{62969334-E3F2-4A19-A3A3-CD9DF95819CB}.Release|x64.Build.0 = Release|Any CPU
		{62969334-E3F2-4A19-A3A3-CD9DF95819CB}.Release|x86.ActiveCfg = Release|Any CPU
		{62969334-E3F2-4A19-A3A3-CD9DF95819CB}.Release|x86.Build.0 = Release|Any CPU
		{79FDACFB-22B6-4727-AB5F-1A9FD2C64731}.Debug|Any CPU.ActiveCfg = Debug|Any CPU
		{79FDACFB-22B6-4727-AB5F-1A9FD2C64731}.Debug|Any CPU.Build.0 = Debug|Any CPU
		{79FDACFB-22B6-4727-AB5F-1A9FD2C64731}.Debug|x64.ActiveCfg = Debug|Any CPU
		{79FDACFB-22B6-4727-AB5F-1A9FD2C64731}.Debug|x64.Build.0 = Debug|Any CPU
		{79FDACFB-22B6-4727-AB5F-1A9FD2C64731}.Debug|x86.ActiveCfg = Debug|Any CPU
		{79FDACFB-22B6-4727-AB5F-1A9FD2C64731}.Debug|x86.Build.0 = Debug|Any CPU
		{79FDACFB-22B6-4727-AB5F-1A9FD2C64731}.Release|Any CPU.ActiveCfg = Release|Any CPU
		{79FDACFB-22B6-4727-AB5F-1A9FD2C64731}.Release|Any CPU.Build.0 = Release|Any CPU
		{79FDACFB-22B6-4727-AB5F-1A9FD2C64731}.Release|x64.ActiveCfg = Release|Any CPU
		{79FDACFB-22B6-4727-AB5F-1A9FD2C64731}.Release|x64.Build.0 = Release|Any CPU
		{79FDACFB-22B6-4727-AB5F-1A9FD2C64731}.Release|x86.ActiveCfg = Release|Any CPU
		{79FDACFB-22B6-4727-AB5F-1A9FD2C64731}.Release|x86.Build.0 = Release|Any CPU
	EndGlobalSection
	GlobalSection(SolutionProperties) = preSolution
		HideSolutionNode = FALSE
	EndGlobalSection
	GlobalSection(ExtensibilityGlobals) = postSolution
		SolutionGuid = {1BA61934-F1A3-46F9-8612-F3FF79F4325A}
	EndGlobalSection
EndGlobal
